{
  "object": {
    "pins": [
      {
        "package": "Mocker",
        "repositoryURL": "https://github.com/WeTransfer/Mocker.git",
        "state": {
          "branch": null,
          "revision": "d245ac30ac74c5618ea2e4cc84ccf448f3091e91",
          "version": "2.5.3"
        }
      }
    ]
  },
  "version": 1
}
